
Microsoft Visual Studio Solution File, Format Version 12.00
# Visual Studio Version 17
VisualStudioVersion = 17.5.002.0
MinimumVisualStudioVersion = 10.0.40219.1
Project("{9A19103F-16F7-4668-BE54-9A1E7A4F7556}") = "SearchService", "SearchService.csproj", "{AA9ADFB8-BF40-4120-A329-817B89F8372F}"
EndProject
Global
	GlobalSection(SolutionConfigurationPlatforms) = preSolution
		Debug|Any CPU = Debug|Any CPU
		Release|Any CPU = Release|Any CPU
	EndGlobalSection
	GlobalSection(ProjectConfigurationPlatforms) = postSolution
		{AA9ADFB8-BF40-4120-A329-817B89F8372F}.Debug|Any CPU.ActiveCfg = Debug|Any CPU
		{AA9ADFB8-BF40-4120-A329-817B89F8372F}.Debug|Any CPU.Build.0 = Debug|Any CPU
		{AA9ADFB8-BF40-4120-A329-817B89F8372F}.Release|Any CPU.ActiveCfg = Release|Any CPU
		{AA9ADFB8-BF40-4120-A329-817B89F8372F}.Release|Any CPU.Build.0 = Release|Any CPU
	EndGlobalSection
	GlobalSection(SolutionProperties) = preSolution
		HideSolutionNode = FALSE
	EndGlobalSection
	GlobalSection(ExtensibilityGlobals) = postSolution
		SolutionGuid = {9B45C32A-BCE3-4AD2-919E-D0918E34F232}
	EndGlobalSection
EndGlobal
