
Microsoft Visual Studio Solution File, Format Version 12.00
# Visual Studio Version 17
VisualStudioVersion = 17.0.31903.59
MinimumVisualStudioVersion = 10.0.40219.1
Project("{2150E333-8FDC-42A3-9474-1A3956D46DE8}") = "src", "src", "{D697AC42-B0F4-44BE-B5C8-6AD2E4557376}"
EndProject
Project("{9A19103F-16F7-4668-BE54-9A1E7A4F7556}") = "AuctionService", "src\AuctionService\AuctionService.csproj", "{9245ABED-2A7A-41C9-A9BB-6B8ECB300783}"
EndProject
Project("{9A19103F-16F7-4668-BE54-9A1E7A4F7556}") = "SearchService", "src\SearchService\SearchService.csproj", "{4A3DBA1F-ED63-4405-B389-8CB2C47B06F3}"
EndProject
Project("{9A19103F-16F7-4668-BE54-9A1E7A4F7556}") = "Contracts", "src\Contracts\Contracts.csproj", "{8F1E5E3D-71C4-436C-9DBC-82ABA6EB47C3}"
EndProject
Project("{9A19103F-16F7-4668-BE54-9A1E7A4F7556}") = "IdentityService", "src\IdentityService\IdentityService.csproj", "{1CAC6C50-CF1A-4968-8498-D53A7EBC78E6}"
EndProject
Project("{9A19103F-16F7-4668-BE54-9A1E7A4F7556}") = "GatewayService", "src\GatewayService\GatewayService.csproj", "{DFCE2058-4BE6-4F66-9292-D1C42128F00A}"
EndProject
Project("{2150E333-8FDC-42A3-9474-1A3956D46DE8}") = "tests", "tests", "{4B172F71-8C58-426A-A183-C997E005476B}"
EndProject
Project("{9A19103F-16F7-4668-BE54-9A1E7A4F7556}") = "AuctionService.UnitTests", "tests\AuctionService.UnitTests\AuctionService.UnitTests.csproj", "{64EFF182-6883-4A7F-ACA9-4DD9F8BA2CAA}"
EndProject
Project("{9A19103F-16F7-4668-BE54-9A1E7A4F7556}") = "AuctionService.IntegrationTests", "tests\AuctionService.IntegrationTests\AuctionService.IntegrationTests.csproj", "{23FF3D86-30CA-4AF7-BA00-9EC7CA847356}"
EndProject
Project("{FAE04EC0-301F-11D3-BF4B-00C04F79EFBC}") = "BiddingService", "src\BiddingService\BiddingService.csproj", "{4F6EF76D-8806-4B1F-AF70-CF4384ABC4B6}"
EndProject
Project("{FAE04EC0-301F-11D3-BF4B-00C04F79EFBC}") = "NotificationService", "src\NotificationService\NotificationService.csproj", "{88F1605B-55DE-48F4-8408-D542B5F39F77}"
EndProject
Global
	GlobalSection(SolutionConfigurationPlatforms) = preSolution
		Debug|Any CPU = Debug|Any CPU
		Release|Any CPU = Release|Any CPU
	EndGlobalSection
	GlobalSection(ProjectConfigurationPlatforms) = postSolution
		{9245ABED-2A7A-41C9-A9BB-6B8ECB300783}.Debug|Any CPU.ActiveCfg = Debug|Any CPU
		{9245ABED-2A7A-41C9-A9BB-6B8ECB300783}.Debug|Any CPU.Build.0 = Debug|Any CPU
		{9245ABED-2A7A-41C9-A9BB-6B8ECB300783}.Release|Any CPU.ActiveCfg = Release|Any CPU
		{9245ABED-2A7A-41C9-A9BB-6B8ECB300783}.Release|Any CPU.Build.0 = Release|Any CPU
		{4A3DBA1F-ED63-4405-B389-8CB2C47B06F3}.Debug|Any CPU.ActiveCfg = Debug|Any CPU
		{4A3DBA1F-ED63-4405-B389-8CB2C47B06F3}.Debug|Any CPU.Build.0 = Debug|Any CPU
		{4A3DBA1F-ED63-4405-B389-8CB2C47B06F3}.Release|Any CPU.ActiveCfg = Release|Any CPU
		{4A3DBA1F-ED63-4405-B389-8CB2C47B06F3}.Release|Any CPU.Build.0 = Release|Any CPU
		{8F1E5E3D-71C4-436C-9DBC-82ABA6EB47C3}.Debug|Any CPU.ActiveCfg = Debug|Any CPU
		{8F1E5E3D-71C4-436C-9DBC-82ABA6EB47C3}.Debug|Any CPU.Build.0 = Debug|Any CPU
		{8F1E5E3D-71C4-436C-9DBC-82ABA6EB47C3}.Release|Any CPU.ActiveCfg = Release|Any CPU
		{8F1E5E3D-71C4-436C-9DBC-82ABA6EB47C3}.Release|Any CPU.Build.0 = Release|Any CPU
		{1CAC6C50-CF1A-4968-8498-D53A7EBC78E6}.Debug|Any CPU.ActiveCfg = Debug|Any CPU
		{1CAC6C50-CF1A-4968-8498-D53A7EBC78E6}.Debug|Any CPU.Build.0 = Debug|Any CPU
		{1CAC6C50-CF1A-4968-8498-D53A7EBC78E6}.Release|Any CPU.ActiveCfg = Release|Any CPU
		{1CAC6C50-CF1A-4968-8498-D53A7EBC78E6}.Release|Any CPU.Build.0 = Release|Any CPU
		{DFCE2058-4BE6-4F66-9292-D1C42128F00A}.Debug|Any CPU.ActiveCfg = Debug|Any CPU
		{DFCE2058-4BE6-4F66-9292-D1C42128F00A}.Debug|Any CPU.Build.0 = Debug|Any CPU
		{DFCE2058-4BE6-4F66-9292-D1C42128F00A}.Release|Any CPU.ActiveCfg = Release|Any CPU
		{DFCE2058-4BE6-4F66-9292-D1C42128F00A}.Release|Any CPU.Build.0 = Release|Any CPU
		{64EFF182-6883-4A7F-ACA9-4DD9F8BA2CAA}.Debug|Any CPU.ActiveCfg = Debug|Any CPU
		{64EFF182-6883-4A7F-ACA9-4DD9F8BA2CAA}.Debug|Any CPU.Build.0 = Debug|Any CPU
		{64EFF182-6883-4A7F-ACA9-4DD9F8BA2CAA}.Release|Any CPU.ActiveCfg = Release|Any CPU
		{64EFF182-6883-4A7F-ACA9-4DD9F8BA2CAA}.Release|Any CPU.Build.0 = Release|Any CPU
		{23FF3D86-30CA-4AF7-BA00-9EC7CA847356}.Debug|Any CPU.ActiveCfg = Debug|Any CPU
		{23FF3D86-30CA-4AF7-BA00-9EC7CA847356}.Debug|Any CPU.Build.0 = Debug|Any CPU
		{23FF3D86-30CA-4AF7-BA00-9EC7CA847356}.Release|Any CPU.ActiveCfg = Release|Any CPU
		{23FF3D86-30CA-4AF7-BA00-9EC7CA847356}.Release|Any CPU.Build.0 = Release|Any CPU
		{4F6EF76D-8806-4B1F-AF70-CF4384ABC4B6}.Debug|Any CPU.ActiveCfg = Debug|Any CPU
		{4F6EF76D-8806-4B1F-AF70-CF4384ABC4B6}.Debug|Any CPU.Build.0 = Debug|Any CPU
		{4F6EF76D-8806-4B1F-AF70-CF4384ABC4B6}.Release|Any CPU.ActiveCfg = Release|Any CPU
		{4F6EF76D-8806-4B1F-AF70-CF4384ABC4B6}.Release|Any CPU.Build.0 = Release|Any CPU
		{88F1605B-55DE-48F4-8408-D542B5F39F77}.Debug|Any CPU.ActiveCfg = Debug|Any CPU
		{88F1605B-55DE-48F4-8408-D542B5F39F77}.Debug|Any CPU.Build.0 = Debug|Any CPU
		{88F1605B-55DE-48F4-8408-D542B5F39F77}.Release|Any CPU.ActiveCfg = Release|Any CPU
		{88F1605B-55DE-48F4-8408-D542B5F39F77}.Release|Any CPU.Build.0 = Release|Any CPU
	EndGlobalSection
	GlobalSection(SolutionProperties) = preSolution
		HideSolutionNode = FALSE
	EndGlobalSection
	GlobalSection(NestedProjects) = preSolution
		{9245ABED-2A7A-41C9-A9BB-6B8ECB300783} = {D697AC42-B0F4-44BE-B5C8-6AD2E4557376}
		{4A3DBA1F-ED63-4405-B389-8CB2C47B06F3} = {D697AC42-B0F4-44BE-B5C8-6AD2E4557376}
		{8F1E5E3D-71C4-436C-9DBC-82ABA6EB47C3} = {D697AC42-B0F4-44BE-B5C8-6AD2E4557376}
		{1CAC6C50-CF1A-4968-8498-D53A7EBC78E6} = {D697AC42-B0F4-44BE-B5C8-6AD2E4557376}
		{DFCE2058-4BE6-4F66-9292-D1C42128F00A} = {D697AC42-B0F4-44BE-B5C8-6AD2E4557376}
		{64EFF182-6883-4A7F-ACA9-4DD9F8BA2CAA} = {4B172F71-8C58-426A-A183-C997E005476B}
		{23FF3D86-30CA-4AF7-BA00-9EC7CA847356} = {4B172F71-8C58-426A-A183-C997E005476B}
		{4F6EF76D-8806-4B1F-AF70-CF4384ABC4B6} = {D697AC42-B0F4-44BE-B5C8-6AD2E4557376}
		{88F1605B-55DE-48F4-8408-D542B5F39F77} = {D697AC42-B0F4-44BE-B5C8-6AD2E4557376}
	EndGlobalSection
	GlobalSection(ExtensibilityGlobals) = postSolution
		SolutionGuid = {0004BCBB-2590-4AA0-A55A-C9F1288A4248}
	EndGlobalSection
EndGlobal
