
Microsoft Visual Studio Solution File, Format Version 12.00
# Visual Studio Version 17
VisualStudioVersion = 17.5.002.0
MinimumVisualStudioVersion = 10.0.40219.1
Project("{9A19103F-16F7-4668-BE54-9A1E7A4F7556}") = "IdentityService", "IdentityService.csproj", "{E04DD345-7501-41FF-AF96-1174E4E5C6BD}"
EndProject
Global
	GlobalSection(SolutionConfigurationPlatforms) = preSolution
		Debug|Any CPU = Debug|Any CPU
		Release|Any CPU = Release|Any CPU
	EndGlobalSection
	GlobalSection(ProjectConfigurationPlatforms) = postSolution
		{E04DD345-7501-41FF-AF96-1174E4E5C6BD}.Debug|Any CPU.ActiveCfg = Debug|Any CPU
		{E04DD345-7501-41FF-AF96-1174E4E5C6BD}.Debug|Any CPU.Build.0 = Debug|Any CPU
		{E04DD345-7501-41FF-AF96-1174E4E5C6BD}.Release|Any CPU.ActiveCfg = Release|Any CPU
		{E04DD345-7501-41FF-AF96-1174E4E5C6BD}.Release|Any CPU.Build.0 = Release|Any CPU
	EndGlobalSection
	GlobalSection(SolutionProperties) = preSolution
		HideSolutionNode = FALSE
	EndGlobalSection
	GlobalSection(ExtensibilityGlobals) = postSolution
		SolutionGuid = {1836BC72-59C0-4C9F-98EB-7A4DFAF3CB11}
	EndGlobalSection
EndGlobal
